// !$*UTF8*$!
{
	archiveVersion = 1;
	classes = {
	};
	objectVersion = 50;
	objects = {

/* Begin PBXBuildFile section */
		13698AFA2329A86B00C98902 /* AppDelegate.swift in Sources */ = {isa = PBXBuildFile; fileRef = 13698AF92329A86B00C98902 /* AppDelegate.swift */; };
		13698AFC2329A86B00C98902 /* HomeViewController.swift in Sources */ = {isa = PBXBuildFile; fileRef = 13698AFB2329A86B00C98902 /* HomeViewController.swift */; };
		13698AFF2329A86B00C98902 /* Main.storyboard in Resources */ = {isa = PBXBuildFile; fileRef = 13698AFD2329A86B00C98902 /* Main.storyboard */; };
		13698B012329A86C00C98902 /* Assets.xcassets in Resources */ = {isa = PBXBuildFile; fileRef = 13698B002329A86C00C98902 /* Assets.xcassets */; };
		13698B042329A86C00C98902 /* LaunchScreen.storyboard in Resources */ = {isa = PBXBuildFile; fileRef = 13698B022329A86C00C98902 /* LaunchScreen.storyboard */; };
		13698B0D2329AAE800C98902 /* MyCustomTableViewCell.swift in Sources */ = {isa = PBXBuildFile; fileRef = 13698B0B2329AAE800C98902 /* MyCustomTableViewCell.swift */; };
		13698B0E2329AAE800C98902 /* MyCustomTableViewCell.xib in Resources */ = {isa = PBXBuildFile; fileRef = 13698B0C2329AAE800C98902 /* MyCustomTableViewCell.xib */; };
		13698B122329AF4400C98902 /* Produto.swift in Sources */ = {isa = PBXBuildFile; fileRef = 13698B112329AF4400C98902 /* Produto.swift */; };
		13698B162329BE9100C98902 /* utils.swift in Sources */ = {isa = PBXBuildFile; fileRef = 13698B152329BE9100C98902 /* utils.swift */; };
/* End PBXBuildFile section */

/* Begin PBXFileReference section */
		13698AF62329A86B00C98902 /* Aula Revisao Tableview e NSUserDefault.app */ = {isa = PBXFileReference; explicitFileType = wrapper.application; includeInIndex = 0; path = "Aula Revisao Tableview e NSUserDefault.app"; sourceTree = BUILT_PRODUCTS_DIR; };
		13698AF92329A86B00C98902 /* AppDelegate.swift */ = {isa = PBXFileReference; lastKnownFileType = sourcecode.swift; path = AppDelegate.swift; sourceTree = "<group>"; };
		13698AFB2329A86B00C98902 /* HomeViewController.swift */ = {isa = PBXFileReference; lastKnownFileType = sourcecode.swift; path = HomeViewController.swift; sourceTree = "<group>"; };
		13698AFE2329A86B00C98902 /* Base */ = {isa = PBXFileReference; lastKnownFileType = file.storyboard; name = Base; path = Base.lproj/Main.storyboard; sourceTree = "<group>"; };
		13698B002329A86C00C98902 /* Assets.xcassets */ = {isa = PBXFileReference; lastKnownFileType = folder.assetcatalog; path = Assets.xcassets; sourceTree = "<group>"; };
		13698B032329A86C00C98902 /* Base */ = {isa = PBXFileReference; lastKnownFileType = file.storyboard; name = Base; path = Base.lproj/LaunchScreen.storyboard; sourceTree = "<group>"; };
		13698B052329A86C00C98902 /* Info.plist */ = {isa = PBXFileReference; lastKnownFileType = text.plist.xml; path = Info.plist; sourceTree = "<group>"; };
		13698B0B2329AAE800C98902 /* MyCustomTableViewCell.swift */ = {isa = PBXFileReference; lastKnownFileType = sourcecode.swift; path = MyCustomTableViewCell.swift; sourceTree = "<group>"; };
		13698B0C2329AAE800C98902 /* MyCustomTableViewCell.xib */ = {isa = PBXFileReference; lastKnownFileType = file.xib; path = MyCustomTableViewCell.xib; sourceTree = "<group>"; };
		13698B112329AF4400C98902 /* Produto.swift */ = {isa = PBXFileReference; lastKnownFileType = sourcecode.swift; path = Produto.swift; sourceTree = "<group>"; };
		13698B152329BE9100C98902 /* utils.swift */ = {isa = PBXFileReference; lastKnownFileType = sourcecode.swift; path = utils.swift; sourceTree = "<group>"; };
/* End PBXFileReference section */

/* Begin PBXFrameworksBuildPhase section */
		13698AF32329A86B00C98902 /* Frameworks */ = {
			isa = PBXFrameworksBuildPhase;
			buildActionMask = 2147483647;
			files = (
			);
			runOnlyForDeploymentPostprocessing = 0;
		};
/* End PBXFrameworksBuildPhase section */

/* Begin PBXGroup section */
		13698AED2329A86A00C98902 = {
			isa = PBXGroup;
			children = (
				13698AF82329A86B00C98902 /* Aula Revisao Tableview e NSUserDefault */,
				13698AF72329A86B00C98902 /* Products */,
			);
			sourceTree = "<group>";
		};
		13698AF72329A86B00C98902 /* Products */ = {
			isa = PBXGroup;
			children = (
				13698AF62329A86B00C98902 /* Aula Revisao Tableview e NSUserDefault.app */,
			);
			name = Products;
			sourceTree = "<group>";
		};
		13698AF82329A86B00C98902 /* Aula Revisao Tableview e NSUserDefault */ = {
			isa = PBXGroup;
			children = (
				13698B142329BE2200C98902 /* Utils */,
				13698B0F2329AEE000C98902 /* Model */,
				13698AF92329A86B00C98902 /* AppDelegate.swift */,
				13698B002329A86C00C98902 /* Assets.xcassets */,
				13698B052329A86C00C98902 /* Info.plist */,
			);
			path = "Aula Revisao Tableview e NSUserDefault";
			sourceTree = "<group>";
		};
		13698B0F2329AEE000C98902 /* Model */ = {
			isa = PBXGroup;
			children = (
				13698B112329AF4400C98902 /* Produto.swift */,
			);
			path = Model;
			sourceTree = "<group>";
		};
		13698B102329AF1100C98902 /* View */ = {
			isa = PBXGroup;
			children = (
				13698B132329AF5E00C98902 /* CustomCell */,
				13698AFB2329A86B00C98902 /* HomeViewController.swift */,
				13698AFD2329A86B00C98902 /* Main.storyboard */,
				13698B022329A86C00C98902 /* LaunchScreen.storyboard */,
			);
			path = View;
			sourceTree = "<group>";
		};
		13698B132329AF5E00C98902 /* CustomCell */ = {
			isa = PBXGroup;
			children = (
				13698B0B2329AAE800C98902 /* MyCustomTableViewCell.swift */,
				13698B0C2329AAE800C98902 /* MyCustomTableViewCell.xib */,
			);
			path = CustomCell;
			sourceTree = "<group>";
		};
		13698B142329BE2200C98902 /* Utils */ = {
			isa = PBXGroup;
			children = (
				13698B152329BE9100C98902 /* utils.swift */,
				13698B102329AF1100C98902 /* View */,
			);
			path = Utils;
			sourceTree = "<group>";
		};
/* End PBXGroup section */

/* Begin PBXNativeTarget section */
		13698AF52329A86B00C98902 /* Aula Revisao Tableview e NSUserDefault */ = {
			isa = PBXNativeTarget;
			buildConfigurationList = 13698B082329A86C00C98902 /* Build configuration list for PBXNativeTarget "Aula Revisao Tableview e NSUserDefault" */;
			buildPhases = (
				13698AF22329A86B00C98902 /* Sources */,
				13698AF32329A86B00C98902 /* Frameworks */,
				13698AF42329A86B00C98902 /* Resources */,
			);
			buildRules = (
			);
			dependencies = (
			);
			name = "Aula Revisao Tableview e NSUserDefault";
			productName = "Aula Revisao Tableview e NSUserDefault";
			productReference = 13698AF62329A86B00C98902 /* Aula Revisao Tableview e NSUserDefault.app */;
			productType = "com.apple.product-type.application";
		};
/* End PBXNativeTarget section */

/* Begin PBXProject section */
		13698AEE2329A86B00C98902 /* Project object */ = {
			isa = PBXProject;
			attributes = {
				LastSwiftUpdateCheck = 1030;
				LastUpgradeCheck = 1030;
				ORGANIZATIONNAME = "Alexandre Gerken Brasil";
				TargetAttributes = {
					13698AF52329A86B00C98902 = {
						CreatedOnToolsVersion = 10.3;
					};
				};
			};
			buildConfigurationList = 13698AF12329A86B00C98902 /* Build configuration list for PBXProject "Aula Revisao Tableview e NSUserDefault" */;
			compatibilityVersion = "Xcode 9.3";
			developmentRegion = en;
			hasScannedForEncodings = 0;
			knownRegions = (
				en,
				Base,
			);
			mainGroup = 13698AED2329A86A00C98902;
			productRefGroup = 13698AF72329A86B00C98902 /* Products */;
			projectDirPath = "";
			projectRoot = "";
			targets = (
				13698AF52329A86B00C98902 /* Aula Revisao Tableview e NSUserDefault */,
			);
		};
/* End PBXProject section */

/* Begin PBXResourcesBuildPhase section */
		13698AF42329A86B00C98902 /* Resources */ = {
			isa = PBXResourcesBuildPhase;
			buildActionMask = 2147483647;
			files = (
				13698B042329A86C00C98902 /* LaunchScreen.storyboard in Resources */,
				13698B012329A86C00C98902 /* Assets.xcassets in Resources */,
				13698B0E2329AAE800C98902 /* MyCustomTableViewCell.xib in Resources */,
				13698AFF2329A86B00C98902 /* Main.storyboard in Resources */,
			);
			runOnlyForDeploymentPostprocessing = 0;
		};
/* End PBXResourcesBuildPhase section */

/* Begin PBXSourcesBuildPhase section */
		13698AF22329A86B00C98902 /* Sources */ = {
			isa = PBXSourcesBuildPhase;
			buildActionMask = 2147483647;
			files = (
				13698B162329BE9100C98902 /* utils.swift in Sources */,
				13698AFC2329A86B00C98902 /* HomeViewController.swift in Sources */,
				13698B122329AF4400C98902 /* Produto.swift in Sources */,
				13698AFA2329A86B00C98902 /* AppDelegate.swift in Sources */,
				13698B0D2329AAE800C98902 /* MyCustomTableViewCell.swift in Sources */,
			);
			runOnlyForDeploymentPostprocessing = 0;
		};
/* End PBXSourcesBuildPhase section */

/* Begin PBXVariantGroup section */
		13698AFD2329A86B00C98902 /* Main.storyboard */ = {
			isa = PBXVariantGroup;
			children = (
				13698AFE2329A86B00C98902 /* Base */,
			);
			name = Main.storyboard;
			sourceTree = "<group>";
		};
		13698B022329A86C00C98902 /* LaunchScreen.storyboard */ = {
			isa = PBXVariantGroup;
			children = (
				13698B032329A86C00C98902 /* Base */,
			);
			name = LaunchScreen.storyboard;
			sourceTree = "<group>";
		};
/* End PBXVariantGroup section */

/* Begin XCBuildConfiguration section */
		13698B062329A86C00C98902 /* Debug */ = {
			isa = XCBuildConfiguration;
			buildSettings = {
				ALWAYS_SEARCH_USER_PATHS = NO;
				CLANG_ANALYZER_NONNULL = YES;
				CLANG_ANALYZER_NUMBER_OBJECT_CONVERSION = YES_AGGRESSIVE;
				CLANG_CXX_LANGUAGE_STANDARD = "gnu++14";
				CLANG_CXX_LIBRARY = "libc++";
				CLANG_ENABLE_MODULES = YES;
				CLANG_ENABLE_OBJC_ARC = YES;
				CLANG_ENABLE_OBJC_WEAK = YES;
				CLANG_WARN_BLOCK_CAPTURE_AUTORELEASING = YES;
				CLANG_WARN_BOOL_CONVERSION = YES;
				CLANG_WARN_COMMA = YES;
				CLANG_WARN_CONSTANT_CONVERSION = YES;
				CLANG_WARN_DEPRECATED_OBJC_IMPLEMENTATIONS = YES;
				CLANG_WARN_DIRECT_OBJC_ISA_USAGE = YES_ERROR;
				CLANG_WARN_DOCUMENTATION_COMMENTS = YES;
				CLANG_WARN_EMPTY_BODY = YES;
				CLANG_WARN_ENUM_CONVERSION = YES;
				CLANG_WARN_INFINITE_RECURSION = YES;
				CLANG_WARN_INT_CONVERSION = YES;
				CLANG_WARN_NON_LITERAL_NULL_CONVERSION = YES;
				CLANG_WARN_OBJC_IMPLICIT_RETAIN_SELF = YES;
				CLANG_WARN_OBJC_LITERAL_CONVERSION = YES;
				CLANG_WARN_OBJC_ROOT_CLASS = YES_ERROR;
				CLANG_WARN_RANGE_LOOP_ANALYSIS = YES;
				CLANG_WARN_STRICT_PROTOTYPES = YES;
				CLANG_WARN_SUSPICIOUS_MOVE = YES;
				CLANG_WARN_UNGUARDED_AVAILABILITY = YES_AGGRESSIVE;
				CLANG_WARN_UNREACHABLE_CODE = YES;
				CLANG_WARN__DUPLICATE_METHOD_MATCH = YES;
				CODE_SIGN_IDENTITY = "iPhone Developer";
				COPY_PHASE_STRIP = NO;
				DEBUG_INFORMATION_FORMAT = dwarf;
				ENABLE_STRICT_OBJC_MSGSEND = YES;
				ENABLE_TESTABILITY = YES;
				GCC_C_LANGUAGE_STANDARD = gnu11;
				GCC_DYNAMIC_NO_PIC = NO;
				GCC_NO_COMMON_BLOCKS = YES;
				GCC_OPTIMIZATION_LEVEL = 0;
				GCC_PREPROCESSOR_DEFINITIONS = (
					"DEBUG=1",
					"$(inherited)",
				);
				GCC_WARN_64_TO_32_BIT_CONVERSION = YES;
				GCC_WARN_ABOUT_RETURN_TYPE = YES_ERROR;
				GCC_WARN_UNDECLARED_SELECTOR = YES;
				GCC_WARN_UNINITIALIZED_AUTOS = YES_AGGRESSIVE;
				GCC_WARN_UNUSED_FUNCTION = YES;
				GCC_WARN_UNUSED_VARIABLE = YES;
				IPHONEOS_DEPLOYMENT_TARGET = 12.4;
				MTL_ENABLE_DEBUG_INFO = INCLUDE_SOURCE;
				MTL_FAST_MATH = YES;
				ONLY_ACTIVE_ARCH = YES;
				SDKROOT = iphoneos;
				SWIFT_ACTIVE_COMPILATION_CONDITIONS = DEBUG;
				SWIFT_OPTIMIZATION_LEVEL = "-Onone";
			};
			name = Debug;
		};
		13698B072329A86C00C98902 /* Release */ = {
			isa = XCBuildConfiguration;
			buildSettings = {
				ALWAYS_SEARCH_USER_PATHS = NO;
				CLANG_ANALYZER_NONNULL = YES;
				CLANG_ANALYZER_NUMBER_OBJECT_CONVERSION = YES_AGGRESSIVE;
				CLANG_CXX_LANGUAGE_STANDARD = "gnu++14";
				CLANG_CXX_LIBRARY = "libc++";
				CLANG_ENABLE_MODULES = YES;
				CLANG_ENABLE_OBJC_ARC = YES;
				CLANG_ENABLE_OBJC_WEAK = YES;
				CLANG_WARN_BLOCK_CAPTURE_AUTORELEASING = YES;
				CLANG_WARN_BOOL_CONVERSION = YES;
				CLANG_WARN_COMMA = YES;
				CLANG_WARN_CONSTANT_CONVERSION = YES;
				CLANG_WARN_DEPRECATED_OBJC_IMPLEMENTATIONS = YES;
				CLANG_WARN_DIRECT_OBJC_ISA_USAGE = YES_ERROR;
				CLANG_WARN_DOCUMENTATION_COMMENTS = YES;
				CLANG_WARN_EMPTY_BODY = YES;
				CLANG_WARN_ENUM_CONVERSION = YES;
				CLANG_WARN_INFINITE_RECURSION = YES;
				CLANG_WARN_INT_CONVERSION = YES;
				CLANG_WARN_NON_LITERAL_NULL_CONVERSION = YES;
				CLANG_WARN_OBJC_IMPLICIT_RETAIN_SELF = YES;
				CLANG_WARN_OBJC_LITERAL_CONVERSION = YES;
				CLANG_WARN_OBJC_ROOT_CLASS = YES_ERROR;
				CLANG_WARN_RANGE_LOOP_ANALYSIS = YES;
				CLANG_WARN_STRICT_PROTOTYPES = YES;
				CLANG_WARN_SUSPICIOUS_MOVE = YES;
				CLANG_WARN_UNGUARDED_AVAILABILITY = YES_AGGRESSIVE;
				CLANG_WARN_UNREACHABLE_CODE = YES;
				CLANG_WARN__DUPLICATE_METHOD_MATCH = YES;
				CODE_SIGN_IDENTITY = "iPhone Developer";
				COPY_PHASE_STRIP = NO;
				DEBUG_INFORMATION_FORMAT = "dwarf-with-dsym";
				ENABLE_NS_ASSERTIONS = NO;
				ENABLE_STRICT_OBJC_MSGSEND = YES;
				GCC_C_LANGUAGE_STANDARD = gnu11;
				GCC_NO_COMMON_BLOCKS = YES;
				GCC_WARN_64_TO_32_BIT_CONVERSION = YES;
				GCC_WARN_ABOUT_RETURN_TYPE = YES_ERROR;
				GCC_WARN_UNDECLARED_SELECTOR = YES;
				GCC_WARN_UNINITIALIZED_AUTOS = YES_AGGRESSIVE;
				GCC_WARN_UNUSED_FUNCTION = YES;
				GCC_WARN_UNUSED_VARIABLE = YES;
				IPHONEOS_DEPLOYMENT_TARGET = 12.4;
				MTL_ENABLE_DEBUG_INFO = NO;
				MTL_FAST_MATH = YES;
				SDKROOT = iphoneos;
				SWIFT_COMPILATION_MODE = wholemodule;
				SWIFT_OPTIMIZATION_LEVEL = "-O";
				VALIDATE_PRODUCT = YES;
			};
			name = Release;
		};
		13698B092329A86C00C98902 /* Debug */ = {
			isa = XCBuildConfiguration;
			buildSettings = {
				ASSETCATALOG_COMPILER_APPICON_NAME = AppIcon;
				CODE_SIGN_STYLE = Automatic;
				INFOPLIST_FILE = "Aula Revisao Tableview e NSUserDefault/Info.plist";
				LD_RUNPATH_SEARCH_PATHS = (
					"$(inherited)",
					"@executable_path/Frameworks",
				);
				PRODUCT_BUNDLE_IDENTIFIER = "Alexandre-Gerken-Brasil.Aula-Revisao-Tableview-e-NSUserDefault";
				PRODUCT_NAME = "$(TARGET_NAME)";
				SWIFT_VERSION = 5.0;
				TARGETED_DEVICE_FAMILY = "1,2";
			};
			name = Debug;
		};
		13698B0A2329A86C00C98902 /* Release */ = {
			isa = XCBuildConfiguration;
			buildSettings = {
				ASSETCATALOG_COMPILER_APPICON_NAME = AppIcon;
				CODE_SIGN_STYLE = Automatic;
				INFOPLIST_FILE = "Aula Revisao Tableview e NSUserDefault/Info.plist";
				LD_RUNPATH_SEARCH_PATHS = (
					"$(inherited)",
					"@executable_path/Frameworks",
				);
				PRODUCT_BUNDLE_IDENTIFIER = "Alexandre-Gerken-Brasil.Aula-Revisao-Tableview-e-NSUserDefault";
				PRODUCT_NAME = "$(TARGET_NAME)";
				SWIFT_VERSION = 5.0;
				TARGETED_DEVICE_FAMILY = "1,2";
			};
			name = Release;
		};
/* End XCBuildConfiguration section */

/* Begin XCConfigurationList section */
		13698AF12329A86B00C98902 /* Build configuration list for PBXProject "Aula Revisao Tableview e NSUserDefault" */ = {
			isa = XCConfigurationList;
			buildConfigurations = (
				13698B062329A86C00C98902 /* Debug */,
				13698B072329A86C00C98902 /* Release */,
			);
			defaultConfigurationIsVisible = 0;
			defaultConfigurationName = Release;
		};
		13698B082329A86C00C98902 /* Build configuration list for PBXNativeTarget "Aula Revisao Tableview e NSUserDefault" */ = {
			isa = XCConfigurationList;
			buildConfigurations = (
				13698B092329A86C00C98902 /* Debug */,
				13698B0A2329A86C00C98902 /* Release */,
			);
			defaultConfigurationIsVisible = 0;
			defaultConfigurationName = Release;
		};
/* End XCConfigurationList section */
	};
	rootObject = 13698AEE2329A86B00C98902 /* Project object */;
}
